{
  "name": "pinger",
  "version": "1.0.0",
  "lockfileVersion": 2,
  "requires": true,
  "packages": {
    "": {
      "name": "pinger",
      "version": "1.0.0",
      "license": "ISC",
      "dependencies": {
        "ping-lite": "^2.0.2",
        "ws": "^8.5.0"
      }
    },
    "node_modules/ping-lite": {
      "version": "2.0.2",
      "resolved": "https://registry.npmjs.org/ping-lite/-/ping-lite-2.0.2.tgz",
      "integrity": "sha512-LFh9a6axDrC5OBjcUCqeQ0Ih6Losk5uPOTdyV7v/x91c4TqQqAiciFoInsdX8J+KggpYOpC6ruJlRp6KgGwDzA==",
      "engines": {
        "node": "*"
      }
    },
    "node_modules/ws": {
      "version": "8.5.0",
      "resolved": "https://registry.npmjs.org/ws/-/ws-8.5.0.tgz",
      "integrity": "sha512-BWX0SWVgLPzYwF8lTzEy1egjhS4S4OEAHfsO8o65WOVsrnSRGaSiUaa9e0ggGlkMTtBlmOpEXiie9RUcBO86qg==",
      "engines": {
        "node": ">=10.0.0"
      },
      "peerDependencies": {
        "bufferutil": "^4.0.1",
        "utf-8-validate": "^5.0.2"
      },
      "peerDependenciesMeta": {
        "bufferutil": {
          "optional": true
        },
        "utf-8-validate": {
          "optional": true
        }
      }
    }
  },
  "dependencies": {
    "ping-lite": {
      "version": "2.0.2",
      "resolved": "https://registry.npmjs.org/ping-lite/-/ping-lite-2.0.2.tgz",
      "integrity": "sha512-LFh9a6axDrC5OBjcUCqeQ0Ih6Losk5uPOTdyV7v/x91c4TqQqAiciFoInsdX8J+KggpYOpC6ruJlRp6KgGwDzA=="
    },
    "ws": {
      "version": "8.5.0",
      "resolved": "https://registry.npmjs.org/ws/-/ws-8.5.0.tgz",
      "integrity": "sha512-BWX0SWVgLPzYwF8lTzEy1egjhS4S4OEAHfsO8o65WOVsrnSRGaSiUaa9e0ggGlkMTtBlmOpEXiie9RUcBO86qg==",
      "requires": {}
    }
  }
}
